
Microsoft Visual Studio Solution File, Format Version 12.00
# Visual Studio Version 17
VisualStudioVersion = 17.9.34310.174
MinimumVisualStudioVersion = 10.0.40219.1
Project("{9A19103F-16F7-4668-BE54-9A1E7A4F7556}") = "Kysect.Zeya", "Kysect.Zeya\Kysect.Zeya.csproj", "{CF936EEC-86BD-440C-808D-32568A516467}"
EndProject
Project("{9A19103F-16F7-4668-BE54-9A1E7A4F7556}") = "Kysect.Zeya.Tui", "Kysect.Zeya.Tui\Kysect.Zeya.Tui.csproj", "{3D8FF41C-F2A8-4AF0-9872-C6B21BC73DF3}"
EndProject
Project("{9A19103F-16F7-4668-BE54-9A1E7A4F7556}") = "Kysect.Zeya.DataAccess.Abstractions", "Kysect.Zeya.DataAccess.Abstractions\Kysect.Zeya.DataAccess.Abstractions.csproj", "{D26AE0E3-344F-4B66-A46C-93979BCE897C}"
EndProject
Project("{9A19103F-16F7-4668-BE54-9A1E7A4F7556}") = "Kysect.Zeya.Abstractions", "Kysect.Zeya.Abstractions\Kysect.Zeya.Abstractions.csproj", "{DFC4DF0C-D13C-4190-BDD4-F75D4EC68788}"
EndProject
Project("{9A19103F-16F7-4668-BE54-9A1E7A4F7556}") = "Kysect.Zeya.GithubIntegration", "Kysect.Zeya.GithubIntegration\Kysect.Zeya.GithubIntegration.csproj", "{D4CBE8A6-C887-479A-B952-08DF938C6A1C}"
EndProject
Project("{9A19103F-16F7-4668-BE54-9A1E7A4F7556}") = "Kysect.Zeya.ValidationRules", "Kysect.Zeya.ValidationRules\Kysect.Zeya.ValidationRules.csproj", "{E880392C-69D6-49F0-A2E9-B892CBC9EC5E}"
EndProject
Project("{9A19103F-16F7-4668-BE54-9A1E7A4F7556}") = "Kysect.Zeya.Tests", "Kysect.Zeya.Tests\Kysect.Zeya.Tests.csproj", "{1274C349-8B79-498C-88A7-F7D64D4650B8}"
EndProject
Project("{FAE04EC0-301F-11D3-BF4B-00C04F79EFBC}") = "Kysect.Zeya.ManagedDotnetCli", "Kysect.Zeya.ManagedDotnetCli\Kysect.Zeya.ManagedDotnetCli.csproj", "{CA2D2CD1-7EB6-41BE-B5F9-31FFD7B9C0AE}"
EndProject
Project("{FAE04EC0-301F-11D3-BF4B-00C04F79EFBC}") = "Kysect.Zeya.ProjectSystemIntegration", "Kysect.Zeya.ProjectSystemIntegration\Kysect.Zeya.ProjectSystemIntegration.csproj", "{D3859EFE-D740-4800-8B56-EFE181DF7057}"
EndProject
Global
	GlobalSection(SolutionConfigurationPlatforms) = preSolution
		Debug|Any CPU = Debug|Any CPU
		Release|Any CPU = Release|Any CPU
	EndGlobalSection
	GlobalSection(ProjectConfigurationPlatforms) = postSolution
		{CF936EEC-86BD-440C-808D-32568A516467}.Debug|Any CPU.ActiveCfg = Debug|Any CPU
		{CF936EEC-86BD-440C-808D-32568A516467}.Debug|Any CPU.Build.0 = Debug|Any CPU
		{CF936EEC-86BD-440C-808D-32568A516467}.Release|Any CPU.ActiveCfg = Release|Any CPU
		{CF936EEC-86BD-440C-808D-32568A516467}.Release|Any CPU.Build.0 = Release|Any CPU
		{3D8FF41C-F2A8-4AF0-9872-C6B21BC73DF3}.Debug|Any CPU.ActiveCfg = Debug|Any CPU
		{3D8FF41C-F2A8-4AF0-9872-C6B21BC73DF3}.Debug|Any CPU.Build.0 = Debug|Any CPU
		{3D8FF41C-F2A8-4AF0-9872-C6B21BC73DF3}.Release|Any CPU.ActiveCfg = Release|Any CPU
		{3D8FF41C-F2A8-4AF0-9872-C6B21BC73DF3}.Release|Any CPU.Build.0 = Release|Any CPU
		{D26AE0E3-344F-4B66-A46C-93979BCE897C}.Debug|Any CPU.ActiveCfg = Debug|Any CPU
		{D26AE0E3-344F-4B66-A46C-93979BCE897C}.Debug|Any CPU.Build.0 = Debug|Any CPU
		{D26AE0E3-344F-4B66-A46C-93979BCE897C}.Release|Any CPU.ActiveCfg = Release|Any CPU
		{D26AE0E3-344F-4B66-A46C-93979BCE897C}.Release|Any CPU.Build.0 = Release|Any CPU
		{DFC4DF0C-D13C-4190-BDD4-F75D4EC68788}.Debug|Any CPU.ActiveCfg = Debug|Any CPU
		{DFC4DF0C-D13C-4190-BDD4-F75D4EC68788}.Debug|Any CPU.Build.0 = Debug|Any CPU
		{DFC4DF0C-D13C-4190-BDD4-F75D4EC68788}.Release|Any CPU.ActiveCfg = Release|Any CPU
		{DFC4DF0C-D13C-4190-BDD4-F75D4EC68788}.Release|Any CPU.Build.0 = Release|Any CPU
		{D4CBE8A6-C887-479A-B952-08DF938C6A1C}.Debug|Any CPU.ActiveCfg = Debug|Any CPU
		{D4CBE8A6-C887-479A-B952-08DF938C6A1C}.Debug|Any CPU.Build.0 = Debug|Any CPU
		{D4CBE8A6-C887-479A-B952-08DF938C6A1C}.Release|Any CPU.ActiveCfg = Release|Any CPU
		{D4CBE8A6-C887-479A-B952-08DF938C6A1C}.Release|Any CPU.Build.0 = Release|Any CPU
		{E880392C-69D6-49F0-A2E9-B892CBC9EC5E}.Debug|Any CPU.ActiveCfg = Debug|Any CPU
		{E880392C-69D6-49F0-A2E9-B892CBC9EC5E}.Debug|Any CPU.Build.0 = Debug|Any CPU
		{E880392C-69D6-49F0-A2E9-B892CBC9EC5E}.Release|Any CPU.ActiveCfg = Release|Any CPU
		{E880392C-69D6-49F0-A2E9-B892CBC9EC5E}.Release|Any CPU.Build.0 = Release|Any CPU
		{1274C349-8B79-498C-88A7-F7D64D4650B8}.Debug|Any CPU.ActiveCfg = Debug|Any CPU
		{1274C349-8B79-498C-88A7-F7D64D4650B8}.Debug|Any CPU.Build.0 = Debug|Any CPU
		{1274C349-8B79-498C-88A7-F7D64D4650B8}.Release|Any CPU.ActiveCfg = Release|Any CPU
		{1274C349-8B79-498C-88A7-F7D64D4650B8}.Release|Any CPU.Build.0 = Release|Any CPU
		{CA2D2CD1-7EB6-41BE-B5F9-31FFD7B9C0AE}.Debug|Any CPU.ActiveCfg = Debug|Any CPU
		{CA2D2CD1-7EB6-41BE-B5F9-31FFD7B9C0AE}.Debug|Any CPU.Build.0 = Debug|Any CPU
		{CA2D2CD1-7EB6-41BE-B5F9-31FFD7B9C0AE}.Release|Any CPU.ActiveCfg = Release|Any CPU
		{CA2D2CD1-7EB6-41BE-B5F9-31FFD7B9C0AE}.Release|Any CPU.Build.0 = Release|Any CPU
		{D3859EFE-D740-4800-8B56-EFE181DF7057}.Debug|Any CPU.ActiveCfg = Debug|Any CPU
		{D3859EFE-D740-4800-8B56-EFE181DF7057}.Debug|Any CPU.Build.0 = Debug|Any CPU
		{D3859EFE-D740-4800-8B56-EFE181DF7057}.Release|Any CPU.ActiveCfg = Release|Any CPU
		{D3859EFE-D740-4800-8B56-EFE181DF7057}.Release|Any CPU.Build.0 = Release|Any CPU
	EndGlobalSection
	GlobalSection(SolutionProperties) = preSolution
		HideSolutionNode = FALSE
	EndGlobalSection
	GlobalSection(ExtensibilityGlobals) = postSolution
		SolutionGuid = {C1F1A375-4712-46E4-9BB7-071B26413F49}
	EndGlobalSection
EndGlobal
