
Microsoft Visual Studio Solution File, Format Version 12.00
# Visual Studio Version 17
VisualStudioVersion = 17.9.34310.174
MinimumVisualStudioVersion = 10.0.40219.1
Project("{2150E333-8FDC-42A3-9474-1A3956D46DE8}") = "Presentation", "Presentation", "{45FA974A-DDBE-44F5-AF75-BBB49BB437B5}"
EndProject
Project("{2150E333-8FDC-42A3-9474-1A3956D46DE8}") = "ConfigurationRoot", "ConfigurationRoot", "{C72FCAE7-7BC0-4633-893A-76B95E23FB14}"
EndProject
Project("{2150E333-8FDC-42A3-9474-1A3956D46DE8}") = "Tests", "Tests", "{06303EDB-8271-4E29-B7BF-8D362045C400}"
EndProject
Project("{2150E333-8FDC-42A3-9474-1A3956D46DE8}") = "Application", "Application", "{D9C54233-E761-4E9C-AB89-3FB055201E8F}"
EndProject
Project("{9A19103F-16F7-4668-BE54-9A1E7A4F7556}") = "Kysect.Zeya.Tui", "Presentation\Kysect.Zeya.Tui\Kysect.Zeya.Tui.csproj", "{863F0493-7798-4BB8-9600-9E32D564C157}"
EndProject
Project("{9A19103F-16F7-4668-BE54-9A1E7A4F7556}") = "Kysect.Zeya", "ConfigurationRoot\Kysect.Zeya\Kysect.Zeya.csproj", "{4C2B0697-AA32-4D04-A7E0-3A224D801083}"
EndProject
Project("{9A19103F-16F7-4668-BE54-9A1E7A4F7556}") = "Kysect.Zeya.Tests", "Tests\Kysect.Zeya.Tests\Kysect.Zeya.Tests.csproj", "{D9150747-CAAF-45E3-B0D2-01910DD4B9C8}"
EndProject
Project("{9A19103F-16F7-4668-BE54-9A1E7A4F7556}") = "Kysect.Zeya.DependencyManager", "ConfigurationRoot\Kysect.Zeya.DependencyManager\Kysect.Zeya.DependencyManager.csproj", "{9284441D-F4F3-4D27-849B-98826720A49E}"
EndProject
Project("{9A19103F-16F7-4668-BE54-9A1E7A4F7556}") = "Kysect.Zeya.IntegrationManager", "Application\Kysect.Zeya.IntegrationManager\Kysect.Zeya.IntegrationManager.csproj", "{4C3CE1E6-F935-4804-81D1-9918051ADAED}"
EndProject
Project("{2150E333-8FDC-42A3-9474-1A3956D46DE8}") = "Domain", "Domain", "{E1AABC83-945A-410B-BD1A-769C97D4BACC}"
EndProject
Project("{9A19103F-16F7-4668-BE54-9A1E7A4F7556}") = "Kysect.Zeya.Common", "Domain\Kysect.Zeya.Common\Kysect.Zeya.Common.csproj", "{A23A4617-34B2-44E6-B159-D33533506BCF}"
EndProject
Project("{9A19103F-16F7-4668-BE54-9A1E7A4F7556}") = "Kysect.Zeya.LocalRepositoryAccess", "Domain\Kysect.Zeya.LocalRepositoryAccess\Kysect.Zeya.LocalRepositoryAccess.csproj", "{123930B5-1082-4EFC-8B2F-DFD78DD5DE49}"
EndProject
Project("{9A19103F-16F7-4668-BE54-9A1E7A4F7556}") = "Kysect.Zeya.RepositoryValidation", "Domain\Kysect.Zeya.RepositoryValidation\Kysect.Zeya.RepositoryValidation.csproj", "{E88C3E2C-6959-4F05-8A1B-6E2768D4C365}"
EndProject
Project("{9A19103F-16F7-4668-BE54-9A1E7A4F7556}") = "Kysect.Zeya.GithubIntegration.Abstraction", "Domain\Kysect.Zeya.GithubIntegration.Abstraction\Kysect.Zeya.GithubIntegration.Abstraction.csproj", "{22182BD7-B16A-4363-AF86-7C759C72E867}"
EndProject
Project("{9A19103F-16F7-4668-BE54-9A1E7A4F7556}") = "Kysect.Zeya.RepositoryValidationRules", "Domain\Kysect.Zeya.RepositoryValidationRules\Kysect.Zeya.RepositoryValidationRules.csproj", "{B5546D0C-5DD2-4EE9-B3CA-00E707AA84FC}"
EndProject
Project("{9A19103F-16F7-4668-BE54-9A1E7A4F7556}") = "Kysect.Zeya.GitIntegration.Abstraction", "Domain\Kysect.Zeya.GitIntegration.Abstraction\Kysect.Zeya.GitIntegration.Abstraction.csproj", "{65EDE936-E53C-4608-B735-FD0E2EBFF546}"
EndProject
Project("{2150E333-8FDC-42A3-9474-1A3956D46DE8}") = "Integration", "Integration", "{E441327E-F838-433F-B8DE-FE74093825BF}"
EndProject
Project("{9A19103F-16F7-4668-BE54-9A1E7A4F7556}") = "Kysect.Zeya.GitIntegration", "Integration\Kysect.Zeya.GitIntegration\Kysect.Zeya.GitIntegration.csproj", "{73EDB63B-DAA5-4BF2-B465-963BB53CBA08}"
EndProject
Project("{9A19103F-16F7-4668-BE54-9A1E7A4F7556}") = "Kysect.Zeya.GithubIntegration", "Integration\Kysect.Zeya.GithubIntegration\Kysect.Zeya.GithubIntegration.csproj", "{7DADA5D3-4DCD-419B-B0F5-42107093CFF7}"
EndProject
Project("{9A19103F-16F7-4668-BE54-9A1E7A4F7556}") = "Kysect.Zeya.DataAccess.Abstractions", "Application\Kysect.Zeya.DataAccess.Abstractions\Kysect.Zeya.DataAccess.Abstractions.csproj", "{0815E3F8-9075-4E70-A530-71C5F0008347}"
EndProject
Project("{9A19103F-16F7-4668-BE54-9A1E7A4F7556}") = "Kysect.Zeya.DataAccess.EntityFramework", "Integration\Kysect.Zeya.DataAccess.EntityFramework\Kysect.Zeya.DataAccess.EntityFramework.csproj", "{3B70AC8D-289C-4028-87B0-A187FAFF6E60}"
EndProject
Project("{9A19103F-16F7-4668-BE54-9A1E7A4F7556}") = "Kysect.Zeya.Client.Abstractions", "Application\Kysect.Zeya.Client.Abstractions\Kysect.Zeya.Client.Abstractions.csproj", "{26BD7567-AA6E-4250-8766-5F77AED16BF5}"
EndProject
Project("{9A19103F-16F7-4668-BE54-9A1E7A4F7556}") = "Kysect.Zeya.Client.Local", "Application\Kysect.Zeya.Client.Local\Kysect.Zeya.Client.Local.csproj", "{5D7ABEDC-5DCE-4847-8B0F-E0A118D1B9F4}"
EndProject
Project("{9A19103F-16F7-4668-BE54-9A1E7A4F7556}") = "Kysect.Zeya.WebService", "ConfigurationRoot\Kysect.Zeya.WebService\Kysect.Zeya.WebService.csproj", "{2EF4793C-D09D-4D02-9A6D-65FFC170044C}"
EndProject
Project("{9A19103F-16F7-4668-BE54-9A1E7A4F7556}") = "Kysect.Zeya.ServiceDefaults", "ConfigurationRoot\Kysect.Zeya.ServiceDefaults\Kysect.Zeya.ServiceDefaults.csproj", "{F565A9FD-EFB6-408C-BBDA-8EA91A074B22}"
EndProject
Project("{9A19103F-16F7-4668-BE54-9A1E7A4F7556}") = "Kysect.Zeya.WebAppHost", "ConfigurationRoot\Kysect.Zeya.WebAppHost\Kysect.Zeya.WebAppHost.csproj", "{D4567E0F-6B0B-4A83-9855-D9EA2A2706E9}"
EndProject
Project("{2150E333-8FDC-42A3-9474-1A3956D46DE8}") = "Solution Items", "Solution Items", "{8C8A0E04-E4BA-473B-87A2-DBC0683368BD}"
	ProjectSection(SolutionItems) = preProject
		Directory.Build.props = Directory.Build.props
		Directory.Packages.props = Directory.Packages.props
	EndProjectSection
EndProject
Project("{9A19103F-16F7-4668-BE54-9A1E7A4F7556}") = "Kysect.Zeya.WebApi", "Presentation\Kysect.Zeya.WebApi\Kysect.Zeya.WebApi.csproj", "{3F0E43CE-61AA-4C1A-BD14-E8B5E263EC8E}"
EndProject
Project("{9A19103F-16F7-4668-BE54-9A1E7A4F7556}") = "Kysect.Zeya.Dtos", "Application\Kysect.Zeya.Dtos\Kysect.Zeya.Dtos.csproj", "{62DB4B2A-48E3-4236-8564-8EC8D25B3BE5}"
EndProject
Project("{9A19103F-16F7-4668-BE54-9A1E7A4F7556}") = "Kysect.Zeya.WebApiClient", "Presentation\Kysect.Zeya.WebApiClient\Kysect.Zeya.WebApiClient.csproj", "{1169E96C-BA58-4E5A-BE86-274B8F0D4EB9}"
EndProject
Project("{9A19103F-16F7-4668-BE54-9A1E7A4F7556}") = "Kysect.Zeya.WebClient", "ConfigurationRoot\Kysect.Zeya.WebClient\Kysect.Zeya.WebClient.csproj", "{33A21F95-6562-47B4-AA02-0BC4D925CAAC}"
EndProject
Project("{9A19103F-16F7-4668-BE54-9A1E7A4F7556}") = "Kysect.Zeya.WebClient.Pages", "Presentation\Kysect.Zeya.WebClient.Pages\Kysect.Zeya.WebClient.Pages.csproj", "{9BC05B6C-44A0-4D44-86C4-8BA981734138}"
EndProject
Project("{FAE04EC0-301F-11D3-BF4B-00C04F79EFBC}") = "Kysect.Zeya.ModelMapping", "Application\Kysect.Zeya.ModelMapping\Kysect.Zeya.ModelMapping.csproj", "{4682764B-95C9-452E-BE87-EDF9EE6F2AF4}"
EndProject
Global
	GlobalSection(SolutionConfigurationPlatforms) = preSolution
		Debug|Any CPU = Debug|Any CPU
		Release|Any CPU = Release|Any CPU
	EndGlobalSection
	GlobalSection(ProjectConfigurationPlatforms) = postSolution
		{863F0493-7798-4BB8-9600-9E32D564C157}.Debug|Any CPU.ActiveCfg = Debug|Any CPU
		{863F0493-7798-4BB8-9600-9E32D564C157}.Debug|Any CPU.Build.0 = Debug|Any CPU
		{863F0493-7798-4BB8-9600-9E32D564C157}.Release|Any CPU.ActiveCfg = Release|Any CPU
		{863F0493-7798-4BB8-9600-9E32D564C157}.Release|Any CPU.Build.0 = Release|Any CPU
		{4C2B0697-AA32-4D04-A7E0-3A224D801083}.Debug|Any CPU.ActiveCfg = Debug|Any CPU
		{4C2B0697-AA32-4D04-A7E0-3A224D801083}.Debug|Any CPU.Build.0 = Debug|Any CPU
		{4C2B0697-AA32-4D04-A7E0-3A224D801083}.Release|Any CPU.ActiveCfg = Release|Any CPU
		{4C2B0697-AA32-4D04-A7E0-3A224D801083}.Release|Any CPU.Build.0 = Release|Any CPU
		{D9150747-CAAF-45E3-B0D2-01910DD4B9C8}.Debug|Any CPU.ActiveCfg = Debug|Any CPU
		{D9150747-CAAF-45E3-B0D2-01910DD4B9C8}.Debug|Any CPU.Build.0 = Debug|Any CPU
		{D9150747-CAAF-45E3-B0D2-01910DD4B9C8}.Release|Any CPU.ActiveCfg = Release|Any CPU
		{D9150747-CAAF-45E3-B0D2-01910DD4B9C8}.Release|Any CPU.Build.0 = Release|Any CPU
		{9284441D-F4F3-4D27-849B-98826720A49E}.Debug|Any CPU.ActiveCfg = Debug|Any CPU
		{9284441D-F4F3-4D27-849B-98826720A49E}.Debug|Any CPU.Build.0 = Debug|Any CPU
		{9284441D-F4F3-4D27-849B-98826720A49E}.Release|Any CPU.ActiveCfg = Release|Any CPU
		{9284441D-F4F3-4D27-849B-98826720A49E}.Release|Any CPU.Build.0 = Release|Any CPU
		{4C3CE1E6-F935-4804-81D1-9918051ADAED}.Debug|Any CPU.ActiveCfg = Debug|Any CPU
		{4C3CE1E6-F935-4804-81D1-9918051ADAED}.Debug|Any CPU.Build.0 = Debug|Any CPU
		{4C3CE1E6-F935-4804-81D1-9918051ADAED}.Release|Any CPU.ActiveCfg = Release|Any CPU
		{4C3CE1E6-F935-4804-81D1-9918051ADAED}.Release|Any CPU.Build.0 = Release|Any CPU
		{A23A4617-34B2-44E6-B159-D33533506BCF}.Debug|Any CPU.ActiveCfg = Debug|Any CPU
		{A23A4617-34B2-44E6-B159-D33533506BCF}.Debug|Any CPU.Build.0 = Debug|Any CPU
		{A23A4617-34B2-44E6-B159-D33533506BCF}.Release|Any CPU.ActiveCfg = Release|Any CPU
		{A23A4617-34B2-44E6-B159-D33533506BCF}.Release|Any CPU.Build.0 = Release|Any CPU
		{123930B5-1082-4EFC-8B2F-DFD78DD5DE49}.Debug|Any CPU.ActiveCfg = Debug|Any CPU
		{123930B5-1082-4EFC-8B2F-DFD78DD5DE49}.Debug|Any CPU.Build.0 = Debug|Any CPU
		{123930B5-1082-4EFC-8B2F-DFD78DD5DE49}.Release|Any CPU.ActiveCfg = Release|Any CPU
		{123930B5-1082-4EFC-8B2F-DFD78DD5DE49}.Release|Any CPU.Build.0 = Release|Any CPU
		{E88C3E2C-6959-4F05-8A1B-6E2768D4C365}.Debug|Any CPU.ActiveCfg = Debug|Any CPU
		{E88C3E2C-6959-4F05-8A1B-6E2768D4C365}.Debug|Any CPU.Build.0 = Debug|Any CPU
		{E88C3E2C-6959-4F05-8A1B-6E2768D4C365}.Release|Any CPU.ActiveCfg = Release|Any CPU
		{E88C3E2C-6959-4F05-8A1B-6E2768D4C365}.Release|Any CPU.Build.0 = Release|Any CPU
		{22182BD7-B16A-4363-AF86-7C759C72E867}.Debug|Any CPU.ActiveCfg = Debug|Any CPU
		{22182BD7-B16A-4363-AF86-7C759C72E867}.Debug|Any CPU.Build.0 = Debug|Any CPU
		{22182BD7-B16A-4363-AF86-7C759C72E867}.Release|Any CPU.ActiveCfg = Release|Any CPU
		{22182BD7-B16A-4363-AF86-7C759C72E867}.Release|Any CPU.Build.0 = Release|Any CPU
		{B5546D0C-5DD2-4EE9-B3CA-00E707AA84FC}.Debug|Any CPU.ActiveCfg = Debug|Any CPU
		{B5546D0C-5DD2-4EE9-B3CA-00E707AA84FC}.Debug|Any CPU.Build.0 = Debug|Any CPU
		{B5546D0C-5DD2-4EE9-B3CA-00E707AA84FC}.Release|Any CPU.ActiveCfg = Release|Any CPU
		{B5546D0C-5DD2-4EE9-B3CA-00E707AA84FC}.Release|Any CPU.Build.0 = Release|Any CPU
		{65EDE936-E53C-4608-B735-FD0E2EBFF546}.Debug|Any CPU.ActiveCfg = Debug|Any CPU
		{65EDE936-E53C-4608-B735-FD0E2EBFF546}.Debug|Any CPU.Build.0 = Debug|Any CPU
		{65EDE936-E53C-4608-B735-FD0E2EBFF546}.Release|Any CPU.ActiveCfg = Release|Any CPU
		{65EDE936-E53C-4608-B735-FD0E2EBFF546}.Release|Any CPU.Build.0 = Release|Any CPU
		{73EDB63B-DAA5-4BF2-B465-963BB53CBA08}.Debug|Any CPU.ActiveCfg = Debug|Any CPU
		{73EDB63B-DAA5-4BF2-B465-963BB53CBA08}.Debug|Any CPU.Build.0 = Debug|Any CPU
		{73EDB63B-DAA5-4BF2-B465-963BB53CBA08}.Release|Any CPU.ActiveCfg = Release|Any CPU
		{73EDB63B-DAA5-4BF2-B465-963BB53CBA08}.Release|Any CPU.Build.0 = Release|Any CPU
		{7DADA5D3-4DCD-419B-B0F5-42107093CFF7}.Debug|Any CPU.ActiveCfg = Debug|Any CPU
		{7DADA5D3-4DCD-419B-B0F5-42107093CFF7}.Debug|Any CPU.Build.0 = Debug|Any CPU
		{7DADA5D3-4DCD-419B-B0F5-42107093CFF7}.Release|Any CPU.ActiveCfg = Release|Any CPU
		{7DADA5D3-4DCD-419B-B0F5-42107093CFF7}.Release|Any CPU.Build.0 = Release|Any CPU
		{0815E3F8-9075-4E70-A530-71C5F0008347}.Debug|Any CPU.ActiveCfg = Debug|Any CPU
		{0815E3F8-9075-4E70-A530-71C5F0008347}.Debug|Any CPU.Build.0 = Debug|Any CPU
		{0815E3F8-9075-4E70-A530-71C5F0008347}.Release|Any CPU.ActiveCfg = Release|Any CPU
		{0815E3F8-9075-4E70-A530-71C5F0008347}.Release|Any CPU.Build.0 = Release|Any CPU
		{3B70AC8D-289C-4028-87B0-A187FAFF6E60}.Debug|Any CPU.ActiveCfg = Debug|Any CPU
		{3B70AC8D-289C-4028-87B0-A187FAFF6E60}.Debug|Any CPU.Build.0 = Debug|Any CPU
		{3B70AC8D-289C-4028-87B0-A187FAFF6E60}.Release|Any CPU.ActiveCfg = Release|Any CPU
		{3B70AC8D-289C-4028-87B0-A187FAFF6E60}.Release|Any CPU.Build.0 = Release|Any CPU
		{26BD7567-AA6E-4250-8766-5F77AED16BF5}.Debug|Any CPU.ActiveCfg = Debug|Any CPU
		{26BD7567-AA6E-4250-8766-5F77AED16BF5}.Debug|Any CPU.Build.0 = Debug|Any CPU
		{26BD7567-AA6E-4250-8766-5F77AED16BF5}.Release|Any CPU.ActiveCfg = Release|Any CPU
		{26BD7567-AA6E-4250-8766-5F77AED16BF5}.Release|Any CPU.Build.0 = Release|Any CPU
		{5D7ABEDC-5DCE-4847-8B0F-E0A118D1B9F4}.Debug|Any CPU.ActiveCfg = Debug|Any CPU
		{5D7ABEDC-5DCE-4847-8B0F-E0A118D1B9F4}.Debug|Any CPU.Build.0 = Debug|Any CPU
		{5D7ABEDC-5DCE-4847-8B0F-E0A118D1B9F4}.Release|Any CPU.ActiveCfg = Release|Any CPU
		{5D7ABEDC-5DCE-4847-8B0F-E0A118D1B9F4}.Release|Any CPU.Build.0 = Release|Any CPU
		{2EF4793C-D09D-4D02-9A6D-65FFC170044C}.Debug|Any CPU.ActiveCfg = Debug|Any CPU
		{2EF4793C-D09D-4D02-9A6D-65FFC170044C}.Debug|Any CPU.Build.0 = Debug|Any CPU
		{2EF4793C-D09D-4D02-9A6D-65FFC170044C}.Release|Any CPU.ActiveCfg = Release|Any CPU
		{2EF4793C-D09D-4D02-9A6D-65FFC170044C}.Release|Any CPU.Build.0 = Release|Any CPU
		{F565A9FD-EFB6-408C-BBDA-8EA91A074B22}.Debug|Any CPU.ActiveCfg = Debug|Any CPU
		{F565A9FD-EFB6-408C-BBDA-8EA91A074B22}.Debug|Any CPU.Build.0 = Debug|Any CPU
		{F565A9FD-EFB6-408C-BBDA-8EA91A074B22}.Release|Any CPU.ActiveCfg = Release|Any CPU
		{F565A9FD-EFB6-408C-BBDA-8EA91A074B22}.Release|Any CPU.Build.0 = Release|Any CPU
		{D4567E0F-6B0B-4A83-9855-D9EA2A2706E9}.Debug|Any CPU.ActiveCfg = Debug|Any CPU
		{D4567E0F-6B0B-4A83-9855-D9EA2A2706E9}.Debug|Any CPU.Build.0 = Debug|Any CPU
		{D4567E0F-6B0B-4A83-9855-D9EA2A2706E9}.Release|Any CPU.ActiveCfg = Release|Any CPU
		{D4567E0F-6B0B-4A83-9855-D9EA2A2706E9}.Release|Any CPU.Build.0 = Release|Any CPU
		{3F0E43CE-61AA-4C1A-BD14-E8B5E263EC8E}.Debug|Any CPU.ActiveCfg = Debug|Any CPU
		{3F0E43CE-61AA-4C1A-BD14-E8B5E263EC8E}.Debug|Any CPU.Build.0 = Debug|Any CPU
		{3F0E43CE-61AA-4C1A-BD14-E8B5E263EC8E}.Release|Any CPU.ActiveCfg = Release|Any CPU
		{3F0E43CE-61AA-4C1A-BD14-E8B5E263EC8E}.Release|Any CPU.Build.0 = Release|Any CPU
		{62DB4B2A-48E3-4236-8564-8EC8D25B3BE5}.Debug|Any CPU.ActiveCfg = Debug|Any CPU
		{62DB4B2A-48E3-4236-8564-8EC8D25B3BE5}.Debug|Any CPU.Build.0 = Debug|Any CPU
		{62DB4B2A-48E3-4236-8564-8EC8D25B3BE5}.Release|Any CPU.ActiveCfg = Release|Any CPU
		{62DB4B2A-48E3-4236-8564-8EC8D25B3BE5}.Release|Any CPU.Build.0 = Release|Any CPU
		{1169E96C-BA58-4E5A-BE86-274B8F0D4EB9}.Debug|Any CPU.ActiveCfg = Debug|Any CPU
		{1169E96C-BA58-4E5A-BE86-274B8F0D4EB9}.Debug|Any CPU.Build.0 = Debug|Any CPU
		{1169E96C-BA58-4E5A-BE86-274B8F0D4EB9}.Release|Any CPU.ActiveCfg = Release|Any CPU
		{1169E96C-BA58-4E5A-BE86-274B8F0D4EB9}.Release|Any CPU.Build.0 = Release|Any CPU
		{33A21F95-6562-47B4-AA02-0BC4D925CAAC}.Debug|Any CPU.ActiveCfg = Debug|Any CPU
		{33A21F95-6562-47B4-AA02-0BC4D925CAAC}.Debug|Any CPU.Build.0 = Debug|Any CPU
		{33A21F95-6562-47B4-AA02-0BC4D925CAAC}.Release|Any CPU.ActiveCfg = Release|Any CPU
		{33A21F95-6562-47B4-AA02-0BC4D925CAAC}.Release|Any CPU.Build.0 = Release|Any CPU
		{9BC05B6C-44A0-4D44-86C4-8BA981734138}.Debug|Any CPU.ActiveCfg = Debug|Any CPU
		{9BC05B6C-44A0-4D44-86C4-8BA981734138}.Debug|Any CPU.Build.0 = Debug|Any CPU
		{9BC05B6C-44A0-4D44-86C4-8BA981734138}.Release|Any CPU.ActiveCfg = Release|Any CPU
		{9BC05B6C-44A0-4D44-86C4-8BA981734138}.Release|Any CPU.Build.0 = Release|Any CPU
		{4682764B-95C9-452E-BE87-EDF9EE6F2AF4}.Debug|Any CPU.ActiveCfg = Debug|Any CPU
		{4682764B-95C9-452E-BE87-EDF9EE6F2AF4}.Debug|Any CPU.Build.0 = Debug|Any CPU
		{4682764B-95C9-452E-BE87-EDF9EE6F2AF4}.Release|Any CPU.ActiveCfg = Release|Any CPU
		{4682764B-95C9-452E-BE87-EDF9EE6F2AF4}.Release|Any CPU.Build.0 = Release|Any CPU
	EndGlobalSection
	GlobalSection(SolutionProperties) = preSolution
		HideSolutionNode = FALSE
	EndGlobalSection
	GlobalSection(NestedProjects) = preSolution
		{863F0493-7798-4BB8-9600-9E32D564C157} = {45FA974A-DDBE-44F5-AF75-BBB49BB437B5}
		{4C2B0697-AA32-4D04-A7E0-3A224D801083} = {C72FCAE7-7BC0-4633-893A-76B95E23FB14}
		{D9150747-CAAF-45E3-B0D2-01910DD4B9C8} = {06303EDB-8271-4E29-B7BF-8D362045C400}
		{9284441D-F4F3-4D27-849B-98826720A49E} = {C72FCAE7-7BC0-4633-893A-76B95E23FB14}
		{4C3CE1E6-F935-4804-81D1-9918051ADAED} = {D9C54233-E761-4E9C-AB89-3FB055201E8F}
		{A23A4617-34B2-44E6-B159-D33533506BCF} = {E1AABC83-945A-410B-BD1A-769C97D4BACC}
		{123930B5-1082-4EFC-8B2F-DFD78DD5DE49} = {E1AABC83-945A-410B-BD1A-769C97D4BACC}
		{E88C3E2C-6959-4F05-8A1B-6E2768D4C365} = {E1AABC83-945A-410B-BD1A-769C97D4BACC}
		{22182BD7-B16A-4363-AF86-7C759C72E867} = {E1AABC83-945A-410B-BD1A-769C97D4BACC}
		{B5546D0C-5DD2-4EE9-B3CA-00E707AA84FC} = {E1AABC83-945A-410B-BD1A-769C97D4BACC}
		{65EDE936-E53C-4608-B735-FD0E2EBFF546} = {E1AABC83-945A-410B-BD1A-769C97D4BACC}
		{73EDB63B-DAA5-4BF2-B465-963BB53CBA08} = {E441327E-F838-433F-B8DE-FE74093825BF}
		{7DADA5D3-4DCD-419B-B0F5-42107093CFF7} = {E441327E-F838-433F-B8DE-FE74093825BF}
		{0815E3F8-9075-4E70-A530-71C5F0008347} = {D9C54233-E761-4E9C-AB89-3FB055201E8F}
		{3B70AC8D-289C-4028-87B0-A187FAFF6E60} = {E441327E-F838-433F-B8DE-FE74093825BF}
		{26BD7567-AA6E-4250-8766-5F77AED16BF5} = {D9C54233-E761-4E9C-AB89-3FB055201E8F}
		{5D7ABEDC-5DCE-4847-8B0F-E0A118D1B9F4} = {D9C54233-E761-4E9C-AB89-3FB055201E8F}
		{2EF4793C-D09D-4D02-9A6D-65FFC170044C} = {C72FCAE7-7BC0-4633-893A-76B95E23FB14}
		{F565A9FD-EFB6-408C-BBDA-8EA91A074B22} = {C72FCAE7-7BC0-4633-893A-76B95E23FB14}
		{D4567E0F-6B0B-4A83-9855-D9EA2A2706E9} = {C72FCAE7-7BC0-4633-893A-76B95E23FB14}
		{3F0E43CE-61AA-4C1A-BD14-E8B5E263EC8E} = {45FA974A-DDBE-44F5-AF75-BBB49BB437B5}
		{62DB4B2A-48E3-4236-8564-8EC8D25B3BE5} = {D9C54233-E761-4E9C-AB89-3FB055201E8F}
		{1169E96C-BA58-4E5A-BE86-274B8F0D4EB9} = {45FA974A-DDBE-44F5-AF75-BBB49BB437B5}
		{33A21F95-6562-47B4-AA02-0BC4D925CAAC} = {C72FCAE7-7BC0-4633-893A-76B95E23FB14}
		{9BC05B6C-44A0-4D44-86C4-8BA981734138} = {45FA974A-DDBE-44F5-AF75-BBB49BB437B5}
		{4682764B-95C9-452E-BE87-EDF9EE6F2AF4} = {D9C54233-E761-4E9C-AB89-3FB055201E8F}
	EndGlobalSection
	GlobalSection(ExtensibilityGlobals) = postSolution
		SolutionGuid = {C1F1A375-4712-46E4-9BB7-071B26413F49}
	EndGlobalSection
EndGlobal
